// !$*UTF8*$!
{
	archiveVersion = 1;
	classes = {
	};
	objectVersion = 46;
	objects = {

/* Begin PBXBuildFile section */
		4A898C3646429B786EF0D322 /* libPods-PBPJSip.a in Frameworks */ = {isa = PBXBuildFile; fileRef = 1FBF49D8DA120C2D1CB3B02E /* libPods-PBPJSip.a */; };
		60C8169C1F6257A900CEC5D6 /* main.m in Sources */ = {isa = PBXBuildFile; fileRef = 60C8169B1F6257A900CEC5D6 /* main.m */; };
		60C8169F1F6257A900CEC5D6 /* AppDelegate.m in Sources */ = {isa = PBXBuildFile; fileRef = 60C8169E1F6257A900CEC5D6 /* AppDelegate.m */; };
		60C816A21F6257A900CEC5D6 /* ViewController.m in Sources */ = {isa = PBXBuildFile; fileRef = 60C816A11F6257A900CEC5D6 /* ViewController.m */; };
		60C816A51F6257A900CEC5D6 /* Main.storyboard in Resources */ = {isa = PBXBuildFile; fileRef = 60C816A31F6257A900CEC5D6 /* Main.storyboard */; };
		60C816A71F6257AA00CEC5D6 /* Assets.xcassets in Resources */ = {isa = PBXBuildFile; fileRef = 60C816A61F6257AA00CEC5D6 /* Assets.xcassets */; };
		60C816AA1F6257AA00CEC5D6 /* LaunchScreen.storyboard in Resources */ = {isa = PBXBuildFile; fileRef = 60C816A81F6257AA00CEC5D6 /* LaunchScreen.storyboard */; };
		60C816B51F6257AA00CEC5D6 /* PBPJSipTests.m in Sources */ = {isa = PBXBuildFile; fileRef = 60C816B41F6257AA00CEC5D6 /* PBPJSipTests.m */; };
		60C816C01F6257AA00CEC5D6 /* PBPJSipUITests.m in Sources */ = {isa = PBXBuildFile; fileRef = 60C816BF1F6257AA00CEC5D6 /* PBPJSipUITests.m */; };
/* End PBXBuildFile section */

/* Begin PBXContainerItemProxy section */
		60C816B11F6257AA00CEC5D6 /* PBXContainerItemProxy */ = {
			isa = PBXContainerItemProxy;
			containerPortal = 60C8168F1F6257A800CEC5D6 /* Project object */;
			proxyType = 1;
			remoteGlobalIDString = 60C816961F6257A800CEC5D6;
			remoteInfo = PBPJSip;
		};
		60C816BC1F6257AA00CEC5D6 /* PBXContainerItemProxy */ = {
			isa = PBXContainerItemProxy;
			containerPortal = 60C8168F1F6257A800CEC5D6 /* Project object */;
			proxyType = 1;
			remoteGlobalIDString = 60C816961F6257A800CEC5D6;
			remoteInfo = PBPJSip;
		};
/* End PBXContainerItemProxy section */

/* Begin PBXFileReference section */
		1FBF49D8DA120C2D1CB3B02E /* libPods-PBPJSip.a */ = {isa = PBXFileReference; explicitFileType = archive.ar; includeInIndex = 0; path = "libPods-PBPJSip.a"; sourceTree = BUILT_PRODUCTS_DIR; };
		3C8BB5EEE3A93F112B8D0707 /* Pods-PBPJSip.release.xcconfig */ = {isa = PBXFileReference; includeInIndex = 1; lastKnownFileType = text.xcconfig; name = "Pods-PBPJSip.release.xcconfig"; path = "Pods/Target Support Files/Pods-PBPJSip/Pods-PBPJSip.release.xcconfig"; sourceTree = "<group>"; };
		60C816971F6257A800CEC5D6 /* PBPJSip.app */ = {isa = PBXFileReference; explicitFileType = wrapper.application; includeInIndex = 0; path = PBPJSip.app; sourceTree = BUILT_PRODUCTS_DIR; };
		60C8169B1F6257A900CEC5D6 /* main.m */ = {isa = PBXFileReference; lastKnownFileType = sourcecode.c.objc; path = main.m; sourceTree = "<group>"; };
		60C8169D1F6257A900CEC5D6 /* AppDelegate.h */ = {isa = PBXFileReference; lastKnownFileType = sourcecode.c.h; path = AppDelegate.h; sourceTree = "<group>"; };
		60C8169E1F6257A900CEC5D6 /* AppDelegate.m */ = {isa = PBXFileReference; lastKnownFileType = sourcecode.c.objc; path = AppDelegate.m; sourceTree = "<group>"; };
		60C816A01F6257A900CEC5D6 /* ViewController.h */ = {isa = PBXFileReference; lastKnownFileType = sourcecode.c.h; path = ViewController.h; sourceTree = "<group>"; };
		60C816A11F6257A900CEC5D6 /* ViewController.m */ = {isa = PBXFileReference; lastKnownFileType = sourcecode.c.objc; path = ViewController.m; sourceTree = "<group>"; };
		60C816A41F6257A900CEC5D6 /* Base */ = {isa = PBXFileReference; lastKnownFileType = file.storyboard; name = Base; path = Base.lproj/Main.storyboard; sourceTree = "<group>"; };
		60C816A61F6257AA00CEC5D6 /* Assets.xcassets */ = {isa = PBXFileReference; lastKnownFileType = folder.assetcatalog; path = Assets.xcassets; sourceTree = "<group>"; };
		60C816A91F6257AA00CEC5D6 /* Base */ = {isa = PBXFileReference; lastKnownFileType = file.storyboard; name = Base; path = Base.lproj/LaunchScreen.storyboard; sourceTree = "<group>"; };
		60C816AB1F6257AA00CEC5D6 /* Info.plist */ = {isa = PBXFileReference; lastKnownFileType = text.plist.xml; path = Info.plist; sourceTree = "<group>"; };
		60C816B01F6257AA00CEC5D6 /* PBPJSipTests.xctest */ = {isa = PBXFileReference; explicitFileType = wrapper.cfbundle; includeInIndex = 0; path = PBPJSipTests.xctest; sourceTree = BUILT_PRODUCTS_DIR; };
		60C816B41F6257AA00CEC5D6 /* PBPJSipTests.m */ = {isa = PBXFileReference; lastKnownFileType = sourcecode.c.objc; path = PBPJSipTests.m; sourceTree = "<group>"; };
		60C816B61F6257AA00CEC5D6 /* Info.plist */ = {isa = PBXFileReference; lastKnownFileType = text.plist.xml; path = Info.plist; sourceTree = "<group>"; };
		60C816BB1F6257AA00CEC5D6 /* PBPJSipUITests.xctest */ = {isa = PBXFileReference; explicitFileType = wrapper.cfbundle; includeInIndex = 0; path = PBPJSipUITests.xctest; sourceTree = BUILT_PRODUCTS_DIR; };
		60C816BF1F6257AA00CEC5D6 /* PBPJSipUITests.m */ = {isa = PBXFileReference; lastKnownFileType = sourcecode.c.objc; path = PBPJSipUITests.m; sourceTree = "<group>"; };
		60C816C11F6257AB00CEC5D6 /* Info.plist */ = {isa = PBXFileReference; lastKnownFileType = text.plist.xml; path = Info.plist; sourceTree = "<group>"; };
		76F1EED0A866071F93673167 /* Pods-PBPJSip.debug.xcconfig */ = {isa = PBXFileReference; includeInIndex = 1; lastKnownFileType = text.xcconfig; name = "Pods-PBPJSip.debug.xcconfig"; path = "Pods/Target Support Files/Pods-PBPJSip/Pods-PBPJSip.debug.xcconfig"; sourceTree = "<group>"; };
/* End PBXFileReference section */

/* Begin PBXFrameworksBuildPhase section */
		60C816941F6257A800CEC5D6 /* Frameworks */ = {
			isa = PBXFrameworksBuildPhase;
			buildActionMask = 2147483647;
			files = (
				4A898C3646429B786EF0D322 /* libPods-PBPJSip.a in Frameworks */,
			);
			runOnlyForDeploymentPostprocessing = 0;
		};
		60C816AD1F6257AA00CEC5D6 /* Frameworks */ = {
			isa = PBXFrameworksBuildPhase;
			buildActionMask = 2147483647;
			files = (
			);
			runOnlyForDeploymentPostprocessing = 0;
		};
		60C816B81F6257AA00CEC5D6 /* Frameworks */ = {
			isa = PBXFrameworksBuildPhase;
			buildActionMask = 2147483647;
			files = (
			);
			runOnlyForDeploymentPostprocessing = 0;
		};
/* End PBXFrameworksBuildPhase section */

/* Begin PBXGroup section */
		0CD082C2087279AA59CB81A0 /* Pods */ = {
			isa = PBXGroup;
			children = (
				76F1EED0A866071F93673167 /* Pods-PBPJSip.debug.xcconfig */,
				3C8BB5EEE3A93F112B8D0707 /* Pods-PBPJSip.release.xcconfig */,
			);
			name = Pods;
			sourceTree = "<group>";
		};
		60C8168E1F6257A800CEC5D6 = {
			isa = PBXGroup;
			children = (
				60C816991F6257A800CEC5D6 /* PBPJSip */,
				60C816B31F6257AA00CEC5D6 /* PBPJSipTests */,
				60C816BE1F6257AA00CEC5D6 /* PBPJSipUITests */,
				60C816981F6257A800CEC5D6 /* Products */,
				0CD082C2087279AA59CB81A0 /* Pods */,
				B71A22A7D92AED675EE9B31B /* Frameworks */,
			);
			sourceTree = "<group>";
		};
		60C816981F6257A800CEC5D6 /* Products */ = {
			isa = PBXGroup;
			children = (
				60C816971F6257A800CEC5D6 /* PBPJSip.app */,
				60C816B01F6257AA00CEC5D6 /* PBPJSipTests.xctest */,
				60C816BB1F6257AA00CEC5D6 /* PBPJSipUITests.xctest */,
			);
			name = Products;
			sourceTree = "<group>";
		};
		60C816991F6257A800CEC5D6 /* PBPJSip */ = {
			isa = PBXGroup;
			children = (
				60C8169D1F6257A900CEC5D6 /* AppDelegate.h */,
				60C8169E1F6257A900CEC5D6 /* AppDelegate.m */,
				60C816A01F6257A900CEC5D6 /* ViewController.h */,
				60C816A11F6257A900CEC5D6 /* ViewController.m */,
				60C816A31F6257A900CEC5D6 /* Main.storyboard */,
				60C816A61F6257AA00CEC5D6 /* Assets.xcassets */,
				60C816A81F6257AA00CEC5D6 /* LaunchScreen.storyboard */,
				60C816AB1F6257AA00CEC5D6 /* Info.plist */,
				60C8169A1F6257A800CEC5D6 /* Supporting Files */,
			);
			path = PBPJSip;
			sourceTree = "<group>";
		};
		60C8169A1F6257A800CEC5D6 /* Supporting Files */ = {
			isa = PBXGroup;
			children = (
				60C8169B1F6257A900CEC5D6 /* main.m */,
			);
			name = "Supporting Files";
			sourceTree = "<group>";
		};
		60C816B31F6257AA00CEC5D6 /* PBPJSipTests */ = {
			isa = PBXGroup;
			children = (
				60C816B41F6257AA00CEC5D6 /* PBPJSipTests.m */,
				60C816B61F6257AA00CEC5D6 /* Info.plist */,
			);
			path = PBPJSipTests;
			sourceTree = "<group>";
		};
		60C816BE1F6257AA00CEC5D6 /* PBPJSipUITests */ = {
			isa = PBXGroup;
			children = (
				60C816BF1F6257AA00CEC5D6 /* PBPJSipUITests.m */,
				60C816C11F6257AB00CEC5D6 /* Info.plist */,
			);
			path = PBPJSipUITests;
			sourceTree = "<group>";
		};
		B71A22A7D92AED675EE9B31B /* Frameworks */ = {
			isa = PBXGroup;
			children = (
				1FBF49D8DA120C2D1CB3B02E /* libPods-PBPJSip.a */,
			);
			name = Frameworks;
			sourceTree = "<group>";
		};
/* End PBXGroup section */

/* Begin PBXNativeTarget section */
		60C816961F6257A800CEC5D6 /* PBPJSip */ = {
			isa = PBXNativeTarget;
			buildConfigurationList = 60C816C41F6257AB00CEC5D6 /* Build configuration list for PBXNativeTarget "PBPJSip" */;
			buildPhases = (
				ABC29F2A3B85D1B476ABE683 /* [CP] Check Pods Manifest.lock */,
				60C816931F6257A800CEC5D6 /* Sources */,
				60C816941F6257A800CEC5D6 /* Frameworks */,
				60C816951F6257A800CEC5D6 /* Resources */,
				7F21B5DE277BBAE0E0F51C57 /* [CP] Embed Pods Frameworks */,
				60AECE45CDEB4A15077C9AA8 /* [CP] Copy Pods Resources */,
			);
			buildRules = (
			);
			dependencies = (
			);
			name = PBPJSip;
			productName = PBPJSip;
			productReference = 60C816971F6257A800CEC5D6 /* PBPJSip.app */;
			productType = "com.apple.product-type.application";
		};
		60C816AF1F6257AA00CEC5D6 /* PBPJSipTests */ = {
			isa = PBXNativeTarget;
			buildConfigurationList = 60C816C71F6257AB00CEC5D6 /* Build configuration list for PBXNativeTarget "PBPJSipTests" */;
			buildPhases = (
				60C816AC1F6257AA00CEC5D6 /* Sources */,
				60C816AD1F6257AA00CEC5D6 /* Frameworks */,
				60C816AE1F6257AA00CEC5D6 /* Resources */,
			);
			buildRules = (
			);
			dependencies = (
				60C816B21F6257AA00CEC5D6 /* PBXTargetDependency */,
			);
			name = PBPJSipTests;
			productName = PBPJSipTests;
			productReference = 60C816B01F6257AA00CEC5D6 /* PBPJSipTests.xctest */;
			productType = "com.apple.product-type.bundle.unit-test";
		};
		60C816BA1F6257AA00CEC5D6 /* PBPJSipUITests */ = {
			isa = PBXNativeTarget;
			buildConfigurationList = 60C816CA1F6257AB00CEC5D6 /* Build configuration list for PBXNativeTarget "PBPJSipUITests" */;
			buildPhases = (
				60C816B71F6257AA00CEC5D6 /* Sources */,
				60C816B81F6257AA00CEC5D6 /* Frameworks */,
				60C816B91F6257AA00CEC5D6 /* Resources */,
			);
			buildRules = (
			);
			dependencies = (
				60C816BD1F6257AA00CEC5D6 /* PBXTargetDependency */,
			);
			name = PBPJSipUITests;
			productName = PBPJSipUITests;
			productReference = 60C816BB1F6257AA00CEC5D6 /* PBPJSipUITests.xctest */;
			productType = "com.apple.product-type.bundle.ui-testing";
		};
/* End PBXNativeTarget section */

/* Begin PBXProject section */
		60C8168F1F6257A800CEC5D6 /* Project object */ = {
			isa = PBXProject;
			attributes = {
				LastUpgradeCheck = 0830;
				ORGANIZATIONNAME = nanhujiaju;
				TargetAttributes = {
					60C816961F6257A800CEC5D6 = {
						CreatedOnToolsVersion = 8.3.3;
						DevelopmentTeam = M8K6A7692X;
						ProvisioningStyle = Automatic;
					};
					60C816AF1F6257AA00CEC5D6 = {
						CreatedOnToolsVersion = 8.3.3;
						DevelopmentTeam = M8K6A7692X;
						ProvisioningStyle = Automatic;
						TestTargetID = 60C816961F6257A800CEC5D6;
					};
					60C816BA1F6257AA00CEC5D6 = {
						CreatedOnToolsVersion = 8.3.3;
						DevelopmentTeam = M8K6A7692X;
						ProvisioningStyle = Automatic;
						TestTargetID = 60C816961F6257A800CEC5D6;
					};
				};
			};
			buildConfigurationList = 60C816921F6257A800CEC5D6 /* Build configuration list for PBXProject "PBPJSip" */;
			compatibilityVersion = "Xcode 3.2";
			developmentRegion = English;
			hasScannedForEncodings = 0;
			knownRegions = (
				en,
				Base,
			);
			mainGroup = 60C8168E1F6257A800CEC5D6;
			productRefGroup = 60C816981F6257A800CEC5D6 /* Products */;
			projectDirPath = "";
			projectRoot = "";
			targets = (
				60C816961F6257A800CEC5D6 /* PBPJSip */,
				60C816AF1F6257AA00CEC5D6 /* PBPJSipTests */,
				60C816BA1F6257AA00CEC5D6 /* PBPJSipUITests */,
			);
		};
/* End PBXProject section */

/* Begin PBXResourcesBuildPhase section */
		60C816951F6257A800CEC5D6 /* Resources */ = {
			isa = PBXResourcesBuildPhase;
			buildActionMask = 2147483647;
			files = (
				60C816AA1F6257AA00CEC5D6 /* LaunchScreen.storyboard in Resources */,
				60C816A71F6257AA00CEC5D6 /* Assets.xcassets in Resources */,
				60C816A51F6257A900CEC5D6 /* Main.storyboard in Resources */,
			);
			runOnlyForDeploymentPostprocessing = 0;
		};
		60C816AE1F6257AA00CEC5D6 /* Resources */ = {
			isa = PBXResourcesBuildPhase;
			buildActionMask = 2147483647;
			files = (
			);
			runOnlyForDeploymentPostprocessing = 0;
		};
		60C816B91F6257AA00CEC5D6 /* Resources */ = {
			isa = PBXResourcesBuildPhase;
			buildActionMask = 2147483647;
			files = (
			);
			runOnlyForDeploymentPostprocessing = 0;
		};
/* End PBXResourcesBuildPhase section */

/* Begin PBXShellScriptBuildPhase section */
		60AECE45CDEB4A15077C9AA8 /* [CP] Copy Pods Resources */ = {
			isa = PBXShellScriptBuildPhase;
			buildActionMask = 2147483647;
			files = (
			);
			inputPaths = (
			);
			name = "[CP] Copy Pods Resources";
			outputPaths = (
			);
			runOnlyForDeploymentPostprocessing = 0;
			shellPath = /bin/sh;
			shellScript = "\"${SRCROOT}/Pods/Target Support Files/Pods-PBPJSip/Pods-PBPJSip-resources.sh\"\n";
			showEnvVarsInLog = 0;
		};
		7F21B5DE277BBAE0E0F51C57 /* [CP] Embed Pods Frameworks */ = {
			isa = PBXShellScriptBuildPhase;
			buildActionMask = 2147483647;
			files = (
			);
			inputPaths = (
			);
			name = "[CP] Embed Pods Frameworks";
			outputPaths = (
			);
			runOnlyForDeploymentPostprocessing = 0;
			shellPath = /bin/sh;
			shellScript = "\"${SRCROOT}/Pods/Target Support Files/Pods-PBPJSip/Pods-PBPJSip-frameworks.sh\"\n";
			showEnvVarsInLog = 0;
		};
		ABC29F2A3B85D1B476ABE683 /* [CP] Check Pods Manifest.lock */ = {
			isa = PBXShellScriptBuildPhase;
			buildActionMask = 2147483647;
			files = (
			);
			inputPaths = (
			);
			name = "[CP] Check Pods Manifest.lock";
			outputPaths = (
			);
			runOnlyForDeploymentPostprocessing = 0;
			shellPath = /bin/sh;
			shellScript = "diff \"${PODS_ROOT}/../Podfile.lock\" \"${PODS_ROOT}/Manifest.lock\" > /dev/null\nif [ $? != 0 ] ; then\n    # print error to STDERR\n    echo \"error: The sandbox is not in sync with the Podfile.lock. Run 'pod install' or update your CocoaPods installation.\" >&2\n    exit 1\nfi\n";
			showEnvVarsInLog = 0;
		};
/* End PBXShellScriptBuildPhase section */

/* Begin PBXSourcesBuildPhase section */
		60C816931F6257A800CEC5D6 /* Sources */ = {
			isa = PBXSourcesBuildPhase;
			buildActionMask = 2147483647;
			files = (
				60C816A21F6257A900CEC5D6 /* ViewController.m in Sources */,
				60C8169F1F6257A900CEC5D6 /* AppDelegate.m in Sources */,
				60C8169C1F6257A900CEC5D6 /* main.m in Sources */,
			);
			runOnlyForDeploymentPostprocessing = 0;
		};
		60C816AC1F6257AA00CEC5D6 /* Sources */ = {
			isa = PBXSourcesBuildPhase;
			buildActionMask = 2147483647;
			files = (
				60C816B51F6257AA00CEC5D6 /* PBPJSipTests.m in Sources */,
			);
			runOnlyForDeploymentPostprocessing = 0;
		};
		60C816B71F6257AA00CEC5D6 /* Sources */ = {
			isa = PBXSourcesBuildPhase;
			buildActionMask = 2147483647;
			files = (
				60C816C01F6257AA00CEC5D6 /* PBPJSipUITests.m in Sources */,
			);
			runOnlyForDeploymentPostprocessing = 0;
		};
/* End PBXSourcesBuildPhase section */

/* Begin PBXTargetDependency section */
		60C816B21F6257AA00CEC5D6 /* PBXTargetDependency */ = {
			isa = PBXTargetDependency;
			target = 60C816961F6257A800CEC5D6 /* PBPJSip */;
			targetProxy = 60C816B11F6257AA00CEC5D6 /* PBXContainerItemProxy */;
		};
		60C816BD1F6257AA00CEC5D6 /* PBXTargetDependency */ = {
			isa = PBXTargetDependency;
			target = 60C816961F6257A800CEC5D6 /* PBPJSip */;
			targetProxy = 60C816BC1F6257AA00CEC5D6 /* PBXContainerItemProxy */;
		};
/* End PBXTargetDependency section */

/* Begin PBXVariantGroup section */
		60C816A31F6257A900CEC5D6 /* Main.storyboard */ = {
			isa = PBXVariantGroup;
			children = (
				60C816A41F6257A900CEC5D6 /* Base */,
			);
			name = Main.storyboard;
			sourceTree = "<group>";
		};
		60C816A81F6257AA00CEC5D6 /* LaunchScreen.storyboard */ = {
			isa = PBXVariantGroup;
			children = (
				60C816A91F6257AA00CEC5D6 /* Base */,
			);
			name = LaunchScreen.storyboard;
			sourceTree = "<group>";
		};
/* End PBXVariantGroup section */

/* Begin XCBuildConfiguration section */
		60C816C21F6257AB00CEC5D6 /* Debug */ = {
			isa = XCBuildConfiguration;
			buildSettings = {
				ALWAYS_SEARCH_USER_PATHS = NO;
				CLANG_ANALYZER_NONNULL = YES;
				CLANG_ANALYZER_NUMBER_OBJECT_CONVERSION = YES_AGGRESSIVE;
				CLANG_CXX_LANGUAGE_STANDARD = "gnu++0x";
				CLANG_CXX_LIBRARY = "libc++";
				CLANG_ENABLE_MODULES = YES;
				CLANG_ENABLE_OBJC_ARC = YES;
				CLANG_WARN_BOOL_CONVERSION = YES;
				CLANG_WARN_CONSTANT_CONVERSION = YES;
				CLANG_WARN_DIRECT_OBJC_ISA_USAGE = YES_ERROR;
				CLANG_WARN_DOCUMENTATION_COMMENTS = YES;
				CLANG_WARN_EMPTY_BODY = YES;
				CLANG_WARN_ENUM_CONVERSION = YES;
				CLANG_WARN_INFINITE_RECURSION = YES;
				CLANG_WARN_INT_CONVERSION = YES;
				CLANG_WARN_OBJC_ROOT_CLASS = YES_ERROR;
				CLANG_WARN_SUSPICIOUS_MOVE = YES;
				CLANG_WARN_UNREACHABLE_CODE = YES;
				CLANG_WARN__DUPLICATE_METHOD_MATCH = YES;
				"CODE_SIGN_IDENTITY[sdk=iphoneos*]" = "iPhone Developer";
				COPY_PHASE_STRIP = NO;
				DEBUG_INFORMATION_FORMAT = dwarf;
				ENABLE_STRICT_OBJC_MSGSEND = YES;
				ENABLE_TESTABILITY = YES;
				GCC_C_LANGUAGE_STANDARD = gnu99;
				GCC_DYNAMIC_NO_PIC = NO;
				GCC_NO_COMMON_BLOCKS = YES;
				GCC_OPTIMIZATION_LEVEL = 0;
				GCC_PREPROCESSOR_DEFINITIONS = (
					"DEBUG=1",
					"$(inherited)",
				);
				GCC_WARN_64_TO_32_BIT_CONVERSION = YES;
				GCC_WARN_ABOUT_RETURN_TYPE = YES_ERROR;
				GCC_WARN_UNDECLARED_SELECTOR = YES;
				GCC_WARN_UNINITIALIZED_AUTOS = YES_AGGRESSIVE;
				GCC_WARN_UNUSED_FUNCTION = YES;
				GCC_WARN_UNUSED_VARIABLE = YES;
				IPHONEOS_DEPLOYMENT_TARGET = 10.3;
				MTL_ENABLE_DEBUG_INFO = YES;
				ONLY_ACTIVE_ARCH = YES;
				SDKROOT = iphoneos;
				TARGETED_DEVICE_FAMILY = "1,2";
			};
			name = Debug;
		};
		60C816C31F6257AB00CEC5D6 /* Release */ = {
			isa = XCBuildConfiguration;
			buildSettings = {
				ALWAYS_SEARCH_USER_PATHS = NO;
				CLANG_ANALYZER_NONNULL = YES;
				CLANG_ANALYZER_NUMBER_OBJECT_CONVERSION = YES_AGGRESSIVE;
				CLANG_CXX_LANGUAGE_STANDARD = "gnu++0x";
				CLANG_CXX_LIBRARY = "libc++";
				CLANG_ENABLE_MODULES = YES;
				CLANG_ENABLE_OBJC_ARC = YES;
				CLANG_WARN_BOOL_CONVERSION = YES;
				CLANG_WARN_CONSTANT_CONVERSION = YES;
				CLANG_WARN_DIRECT_OBJC_ISA_USAGE = YES_ERROR;
				CLANG_WARN_DOCUMENTATION_COMMENTS = YES;
				CLANG_WARN_EMPTY_BODY = YES;
				CLANG_WARN_ENUM_CONVERSION = YES;
				CLANG_WARN_INFINITE_RECURSION = YES;
				CLANG_WARN_INT_CONVERSION = YES;
				CLANG_WARN_OBJC_ROOT_CLASS = YES_ERROR;
				CLANG_WARN_SUSPICIOUS_MOVE = YES;
				CLANG_WARN_UNREACHABLE_CODE = YES;
				CLANG_WARN__DUPLICATE_METHOD_MATCH = YES;
				"CODE_SIGN_IDENTITY[sdk=iphoneos*]" = "iPhone Developer";
				COPY_PHASE_STRIP = NO;
				DEBUG_INFORMATION_FORMAT = "dwarf-with-dsym";
				ENABLE_NS_ASSERTIONS = NO;
				ENABLE_STRICT_OBJC_MSGSEND = YES;
				GCC_C_LANGUAGE_STANDARD = gnu99;
				GCC_NO_COMMON_BLOCKS = YES;
				GCC_WARN_64_TO_32_BIT_CONVERSION = YES;
				GCC_WARN_ABOUT_RETURN_TYPE = YES_ERROR;
				GCC_WARN_UNDECLARED_SELECTOR = YES;
				GCC_WARN_UNINITIALIZED_AUTOS = YES_AGGRESSIVE;
				GCC_WARN_UNUSED_FUNCTION = YES;
				GCC_WARN_UNUSED_VARIABLE = YES;
				IPHONEOS_DEPLOYMENT_TARGET = 10.3;
				MTL_ENABLE_DEBUG_INFO = NO;
				SDKROOT = iphoneos;
				TARGETED_DEVICE_FAMILY = "1,2";
				VALIDATE_PRODUCT = YES;
			};
			name = Release;
		};
		60C816C51F6257AB00CEC5D6 /* Debug */ = {
			isa = XCBuildConfiguration;
			baseConfigurationReference = 76F1EED0A866071F93673167 /* Pods-PBPJSip.debug.xcconfig */;
			buildSettings = {
				ASSETCATALOG_COMPILER_APPICON_NAME = AppIcon;
				DEVELOPMENT_TEAM = M8K6A7692X;
				INFOPLIST_FILE = PBPJSip/Info.plist;
				IPHONEOS_DEPLOYMENT_TARGET = 8.0;
				LD_RUNPATH_SEARCH_PATHS = "$(inherited) @executable_path/Frameworks";
				PRODUCT_BUNDLE_IDENTIFIER = com.nanhu.PBPJSip;
				PRODUCT_NAME = "$(TARGET_NAME)";
			};
			name = Debug;
		};
		60C816C61F6257AB00CEC5D6 /* Release */ = {
			isa = XCBuildConfiguration;
			baseConfigurationReference = 3C8BB5EEE3A93F112B8D0707 /* Pods-PBPJSip.release.xcconfig */;
			buildSettings = {
				ASSETCATALOG_COMPILER_APPICON_NAME = AppIcon;
				DEVELOPMENT_TEAM = M8K6A7692X;
				INFOPLIST_FILE = PBPJSip/Info.plist;
				IPHONEOS_DEPLOYMENT_TARGET = 8.0;
				LD_RUNPATH_SEARCH_PATHS = "$(inherited) @executable_path/Frameworks";
				PRODUCT_BUNDLE_IDENTIFIER = com.nanhu.PBPJSip;
				PRODUCT_NAME = "$(TARGET_NAME)";
			};
			name = Release;
		};
		60C816C81F6257AB00CEC5D6 /* Debug */ = {
			isa = XCBuildConfiguration;
			buildSettings = {
				BUNDLE_LOADER = "$(TEST_HOST)";
				DEVELOPMENT_TEAM = M8K6A7692X;
				INFOPLIST_FILE = PBPJSipTests/Info.plist;
				LD_RUNPATH_SEARCH_PATHS = "$(inherited) @executable_path/Frameworks @loader_path/Frameworks";
				PRODUCT_BUNDLE_IDENTIFIER = com.nanhu.PBPJSipTests;
				PRODUCT_NAME = "$(TARGET_NAME)";
				TEST_HOST = "$(BUILT_PRODUCTS_DIR)/PBPJSip.app/PBPJSip";
			};
			name = Debug;
		};
		60C816C91F6257AB00CEC5D6 /* Release */ = {
			isa = XCBuildConfiguration;
			buildSettings = {
				BUNDLE_LOADER = "$(TEST_HOST)";
				DEVELOPMENT_TEAM = M8K6A7692X;
				INFOPLIST_FILE = PBPJSipTests/Info.plist;
				LD_RUNPATH_SEARCH_PATHS = "$(inherited) @executable_path/Frameworks @loader_path/Frameworks";
				PRODUCT_BUNDLE_IDENTIFIER = com.nanhu.PBPJSipTests;
				PRODUCT_NAME = "$(TARGET_NAME)";
				TEST_HOST = "$(BUILT_PRODUCTS_DIR)/PBPJSip.app/PBPJSip";
			};
			name = Release;
		};
		60C816CB1F6257AB00CEC5D6 /* Debug */ = {
			isa = XCBuildConfiguration;
			buildSettings = {
				DEVELOPMENT_TEAM = M8K6A7692X;
				INFOPLIST_FILE = PBPJSipUITests/Info.plist;
				LD_RUNPATH_SEARCH_PATHS = "$(inherited) @executable_path/Frameworks @loader_path/Frameworks";
				PRODUCT_BUNDLE_IDENTIFIER = com.nanhu.PBPJSipUITests;
				PRODUCT_NAME = "$(TARGET_NAME)";
				TEST_TARGET_NAME = PBPJSip;
			};
			name = Debug;
		};
		60C816CC1F6257AB00CEC5D6 /* Release */ = {
			isa = XCBuildConfiguration;
			buildSettings = {
				DEVELOPMENT_TEAM = M8K6A7692X;
				INFOPLIST_FILE = PBPJSipUITests/Info.plist;
				LD_RUNPATH_SEARCH_PATHS = "$(inherited) @executable_path/Frameworks @loader_path/Frameworks";
				PRODUCT_BUNDLE_IDENTIFIER = com.nanhu.PBPJSipUITests;
				PRODUCT_NAME = "$(TARGET_NAME)";
				TEST_TARGET_NAME = PBPJSip;
			};
			name = Release;
		};
/* End XCBuildConfiguration section */

/* Begin XCConfigurationList section */
		60C816921F6257A800CEC5D6 /* Build configuration list for PBXProject "PBPJSip" */ = {
			isa = XCConfigurationList;
			buildConfigurations = (
				60C816C21F6257AB00CEC5D6 /* Debug */,
				60C816C31F6257AB00CEC5D6 /* Release */,
			);
			defaultConfigurationIsVisible = 0;
			defaultConfigurationName = Release;
		};
		60C816C41F6257AB00CEC5D6 /* Build configuration list for PBXNativeTarget "PBPJSip" */ = {
			isa = XCConfigurationList;
			buildConfigurations = (
				60C816C51F6257AB00CEC5D6 /* Debug */,
				60C816C61F6257AB00CEC5D6 /* Release */,
			);
			defaultConfigurationIsVisible = 0;
		};
		60C816C71F6257AB00CEC5D6 /* Build configuration list for PBXNativeTarget "PBPJSipTests" */ = {
			isa = XCConfigurationList;
			buildConfigurations = (
				60C816C81F6257AB00CEC5D6 /* Debug */,
				60C816C91F6257AB00CEC5D6 /* Release */,
			);
			defaultConfigurationIsVisible = 0;
		};
		60C816CA1F6257AB00CEC5D6 /* Build configuration list for PBXNativeTarget "PBPJSipUITests" */ = {
			isa = XCConfigurationList;
			buildConfigurations = (
				60C816CB1F6257AB00CEC5D6 /* Debug */,
				60C816CC1F6257AB00CEC5D6 /* Release */,
			);
			defaultConfigurationIsVisible = 0;
		};
/* End XCConfigurationList section */
	};
	rootObject = 60C8168F1F6257A800CEC5D6 /* Project object */;
}
